
Microsoft Visual Studio Solution File, Format Version 12.00
# Visual Studio Version 17
VisualStudioVersion = 17.14.36811.4
MinimumVisualStudioVersion = 10.0.40219.1
Project("{2150E333-8FDC-42A3-9474-1A3956D46DE8}") = "services", "services", "{02EA681E-C7D8-13C7-8484-4AC65E1B71E8}"
EndProject
Project("{2150E333-8FDC-42A3-9474-1A3956D46DE8}") = "Gateway", "Gateway", "{40972FEC-8900-4906-BF6F-D736036A031B}"
EndProject
Project("{FAE04EC0-301F-11D3-BF4B-00C04F79EFBC}") = "Gateway.API", "Gateway.API\Gateway.API.csproj", "{8C317BA3-9582-4686-84CA-9DD70E9D5607}"
EndProject
Project("{2150E333-8FDC-42A3-9474-1A3956D46DE8}") = "AuthService", "AuthService", "{8A614381-5211-4C63-80E4-590C76E6EC89}"
EndProject
Project("{2150E333-8FDC-42A3-9474-1A3956D46DE8}") = "src", "src", "{E345795E-2696-4769-9052-FE605160F33E}"
EndProject
Project("{2150E333-8FDC-42A3-9474-1A3956D46DE8}") = "AuthService.API", "AuthService.API", "{90A15034-0882-4C93-809D-341E484A26D3}"
EndProject
Project("{2150E333-8FDC-42A3-9474-1A3956D46DE8}") = "AuthService.Application", "AuthService.Application", "{60960C20-2BC8-44A8-BEE9-FE3DAF291DD7}"
EndProject
Project("{2150E333-8FDC-42A3-9474-1A3956D46DE8}") = "AuthService.Domain", "AuthService.Domain", "{4B2A134A-8657-4E97-8CDA-17E53BF274C9}"
EndProject
Project("{2150E333-8FDC-42A3-9474-1A3956D46DE8}") = "AuthService.Infrastructure", "AuthService.Infrastructure", "{9F5D1178-AC62-4E70-A63A-06B3273EEFA2}"
EndProject
Project("{2150E333-8FDC-42A3-9474-1A3956D46DE8}") = "DocumentService", "DocumentService", "{B8BE7DF0-FEC6-448A-AD65-51F7B40189E6}"
EndProject
Project("{2150E333-8FDC-42A3-9474-1A3956D46DE8}") = "src", "src", "{2B186B2A-87A7-4228-9C6E-5BA9D3AE42B3}"
EndProject
Project("{2150E333-8FDC-42A3-9474-1A3956D46DE8}") = "AIService", "AIService", "{312430B2-0055-4BC1-8EEE-2191CE4C8C5A}"
EndProject
Project("{2150E333-8FDC-42A3-9474-1A3956D46DE8}") = "src", "src", "{A82D5FE1-A5CF-451C-983C-4F1D2B44AC83}"
EndProject
Project("{2150E333-8FDC-42A3-9474-1A3956D46DE8}") = "StorageService", "StorageService", "{C80FF5BC-1CEE-4823-8099-4D4A3B6F3858}"
EndProject
Project("{2150E333-8FDC-42A3-9474-1A3956D46DE8}") = "src", "src", "{A09A49D1-8981-4A34-A9ED-B4C527561C11}"
EndProject
Project("{2150E333-8FDC-42A3-9474-1A3956D46DE8}") = "NotificationService", "NotificationService", "{E0457858-108A-4878-8FA9-84D881C13AC1}"
EndProject
Project("{2150E333-8FDC-42A3-9474-1A3956D46DE8}") = "src", "src", "{E9BD222E-9761-42C3-9906-544465D225CB}"
EndProject
Project("{2150E333-8FDC-42A3-9474-1A3956D46DE8}") = "shared", "shared", "{03DF53AC-288D-4D29-8FED-55E1397E93B7}"
EndProject
Project("{2150E333-8FDC-42A3-9474-1A3956D46DE8}") = "BuildingBlocks", "BuildingBlocks", "{B5C1816B-3CED-409D-9240-9DB61CF19D33}"
EndProject
Project("{2150E333-8FDC-42A3-9474-1A3956D46DE8}") = "SharedKernel", "SharedKernel", "{EB9F7D36-A502-4D6F-B151-E31192D9354D}"
EndProject
Project("{2150E333-8FDC-42A3-9474-1A3956D46DE8}") = "Contracts", "Contracts", "{3DEAE8AC-A8AB-4449-829C-70F16C58715D}"
EndProject
Project("{2150E333-8FDC-42A3-9474-1A3956D46DE8}") = "Common", "Common", "{1A4C682C-9743-469E-BC05-5A561B038E7A}"
EndProject
Project("{2150E333-8FDC-42A3-9474-1A3956D46DE8}") = "Events", "Events", "{76928B64-6057-4B02-A058-C79D649D4ED9}"
EndProject
Project("{2150E333-8FDC-42A3-9474-1A3956D46DE8}") = "Exceptions", "Exceptions", "{DFE6BB0E-1995-4F3F-A769-48389F25592E}"
EndProject
Project("{2150E333-8FDC-42A3-9474-1A3956D46DE8}") = "Responses", "Responses", "{9B992788-B698-403E-A253-5D3D33CE2C20}"
EndProject
Project("{2150E333-8FDC-42A3-9474-1A3956D46DE8}") = "Packages", "Packages", "{BB68D97B-3901-438B-8B4D-E48E83711DE8}"
EndProject
Project("{FAE04EC0-301F-11D3-BF4B-00C04F79EFBC}") = "AuthService.API", "AuthService.API\AuthService.API.csproj", "{DAC98BB2-8F65-48A9-AA1E-97C141C70AAB}"
EndProject
Project("{FAE04EC0-301F-11D3-BF4B-00C04F79EFBC}") = "AuthService.Application", "AuthService.Application\AuthService.Application.csproj", "{A1A02137-BBCE-4DE8-8D96-A2E2D3C8EE5B}"
EndProject
Project("{FAE04EC0-301F-11D3-BF4B-00C04F79EFBC}") = "AuthService.Domain", "AuthService.Domain\AuthService.Domain.csproj", "{04BEF55F-DA4F-4FD5-BC4B-A1DEA7045CB8}"
EndProject
Project("{FAE04EC0-301F-11D3-BF4B-00C04F79EFBC}") = "AuthService.Infrastructure", "AuthService.Infrastructure\AuthService.Infrastructure.csproj", "{0F6BBFE1-AE38-4A0B-9E7E-E3FE30CEF830}"
EndProject
Global
	GlobalSection(SolutionConfigurationPlatforms) = preSolution
		Debug|Any CPU = Debug|Any CPU
		Release|Any CPU = Release|Any CPU
	EndGlobalSection
	GlobalSection(ProjectConfigurationPlatforms) = postSolution
		{8C317BA3-9582-4686-84CA-9DD70E9D5607}.Debug|Any CPU.ActiveCfg = Debug|Any CPU
		{8C317BA3-9582-4686-84CA-9DD70E9D5607}.Debug|Any CPU.Build.0 = Debug|Any CPU
		{8C317BA3-9582-4686-84CA-9DD70E9D5607}.Release|Any CPU.ActiveCfg = Release|Any CPU
		{8C317BA3-9582-4686-84CA-9DD70E9D5607}.Release|Any CPU.Build.0 = Release|Any CPU
		{DAC98BB2-8F65-48A9-AA1E-97C141C70AAB}.Debug|Any CPU.ActiveCfg = Debug|Any CPU
		{DAC98BB2-8F65-48A9-AA1E-97C141C70AAB}.Debug|Any CPU.Build.0 = Debug|Any CPU
		{DAC98BB2-8F65-48A9-AA1E-97C141C70AAB}.Release|Any CPU.ActiveCfg = Release|Any CPU
		{DAC98BB2-8F65-48A9-AA1E-97C141C70AAB}.Release|Any CPU.Build.0 = Release|Any CPU
		{A1A02137-BBCE-4DE8-8D96-A2E2D3C8EE5B}.Debug|Any CPU.ActiveCfg = Debug|Any CPU
		{A1A02137-BBCE-4DE8-8D96-A2E2D3C8EE5B}.Debug|Any CPU.Build.0 = Debug|Any CPU
		{A1A02137-BBCE-4DE8-8D96-A2E2D3C8EE5B}.Release|Any CPU.ActiveCfg = Release|Any CPU
		{A1A02137-BBCE-4DE8-8D96-A2E2D3C8EE5B}.Release|Any CPU.Build.0 = Release|Any CPU
		{04BEF55F-DA4F-4FD5-BC4B-A1DEA7045CB8}.Debug|Any CPU.ActiveCfg = Debug|Any CPU
		{04BEF55F-DA4F-4FD5-BC4B-A1DEA7045CB8}.Debug|Any CPU.Build.0 = Debug|Any CPU
		{04BEF55F-DA4F-4FD5-BC4B-A1DEA7045CB8}.Release|Any CPU.ActiveCfg = Release|Any CPU
		{04BEF55F-DA4F-4FD5-BC4B-A1DEA7045CB8}.Release|Any CPU.Build.0 = Release|Any CPU
		{0F6BBFE1-AE38-4A0B-9E7E-E3FE30CEF830}.Debug|Any CPU.ActiveCfg = Debug|Any CPU
		{0F6BBFE1-AE38-4A0B-9E7E-E3FE30CEF830}.Debug|Any CPU.Build.0 = Debug|Any CPU
		{0F6BBFE1-AE38-4A0B-9E7E-E3FE30CEF830}.Release|Any CPU.ActiveCfg = Release|Any CPU
		{0F6BBFE1-AE38-4A0B-9E7E-E3FE30CEF830}.Release|Any CPU.Build.0 = Release|Any CPU
	EndGlobalSection
	GlobalSection(SolutionProperties) = preSolution
		HideSolutionNode = FALSE
	EndGlobalSection
	GlobalSection(NestedProjects) = preSolution
		{40972FEC-8900-4906-BF6F-D736036A031B} = {02EA681E-C7D8-13C7-8484-4AC65E1B71E8}
		{8C317BA3-9582-4686-84CA-9DD70E9D5607} = {40972FEC-8900-4906-BF6F-D736036A031B}
		{8A614381-5211-4C63-80E4-590C76E6EC89} = {02EA681E-C7D8-13C7-8484-4AC65E1B71E8}
		{E345795E-2696-4769-9052-FE605160F33E} = {8A614381-5211-4C63-80E4-590C76E6EC89}
		{90A15034-0882-4C93-809D-341E484A26D3} = {E345795E-2696-4769-9052-FE605160F33E}
		{60960C20-2BC8-44A8-BEE9-FE3DAF291DD7} = {E345795E-2696-4769-9052-FE605160F33E}
		{4B2A134A-8657-4E97-8CDA-17E53BF274C9} = {E345795E-2696-4769-9052-FE605160F33E}
		{9F5D1178-AC62-4E70-A63A-06B3273EEFA2} = {E345795E-2696-4769-9052-FE605160F33E}
		{B8BE7DF0-FEC6-448A-AD65-51F7B40189E6} = {02EA681E-C7D8-13C7-8484-4AC65E1B71E8}
		{2B186B2A-87A7-4228-9C6E-5BA9D3AE42B3} = {B8BE7DF0-FEC6-448A-AD65-51F7B40189E6}
		{312430B2-0055-4BC1-8EEE-2191CE4C8C5A} = {02EA681E-C7D8-13C7-8484-4AC65E1B71E8}
		{A82D5FE1-A5CF-451C-983C-4F1D2B44AC83} = {312430B2-0055-4BC1-8EEE-2191CE4C8C5A}
		{C80FF5BC-1CEE-4823-8099-4D4A3B6F3858} = {02EA681E-C7D8-13C7-8484-4AC65E1B71E8}
		{A09A49D1-8981-4A34-A9ED-B4C527561C11} = {C80FF5BC-1CEE-4823-8099-4D4A3B6F3858}
		{E0457858-108A-4878-8FA9-84D881C13AC1} = {02EA681E-C7D8-13C7-8484-4AC65E1B71E8}
		{E9BD222E-9761-42C3-9906-544465D225CB} = {E0457858-108A-4878-8FA9-84D881C13AC1}
		{B5C1816B-3CED-409D-9240-9DB61CF19D33} = {03DF53AC-288D-4D29-8FED-55E1397E93B7}
		{EB9F7D36-A502-4D6F-B151-E31192D9354D} = {B5C1816B-3CED-409D-9240-9DB61CF19D33}
		{3DEAE8AC-A8AB-4449-829C-70F16C58715D} = {B5C1816B-3CED-409D-9240-9DB61CF19D33}
		{1A4C682C-9743-469E-BC05-5A561B038E7A} = {B5C1816B-3CED-409D-9240-9DB61CF19D33}
		{76928B64-6057-4B02-A058-C79D649D4ED9} = {B5C1816B-3CED-409D-9240-9DB61CF19D33}
		{DFE6BB0E-1995-4F3F-A769-48389F25592E} = {B5C1816B-3CED-409D-9240-9DB61CF19D33}
		{9B992788-B698-403E-A253-5D3D33CE2C20} = {B5C1816B-3CED-409D-9240-9DB61CF19D33}
		{BB68D97B-3901-438B-8B4D-E48E83711DE8} = {03DF53AC-288D-4D29-8FED-55E1397E93B7}
		{DAC98BB2-8F65-48A9-AA1E-97C141C70AAB} = {90A15034-0882-4C93-809D-341E484A26D3}
		{A1A02137-BBCE-4DE8-8D96-A2E2D3C8EE5B} = {60960C20-2BC8-44A8-BEE9-FE3DAF291DD7}
		{04BEF55F-DA4F-4FD5-BC4B-A1DEA7045CB8} = {4B2A134A-8657-4E97-8CDA-17E53BF274C9}
		{0F6BBFE1-AE38-4A0B-9E7E-E3FE30CEF830} = {9F5D1178-AC62-4E70-A63A-06B3273EEFA2}
	EndGlobalSection
	GlobalSection(ExtensibilityGlobals) = postSolution
		SolutionGuid = {A0947C6A-659C-46A8-93B7-16C8AE0928E4}
	EndGlobalSection
EndGlobal
